// !$*UTF8*$!
{
	archiveVersion = 1;
	classes = {
	};
	objectVersion = 55;
	objects = {

/* Begin PBXBuildFile section */
		3A3F45D628EC84440026A06B /* gitinfoApp.swift in Sources */ = {isa = PBXBuildFile; fileRef = 3A3F45D528EC84440026A06B /* gitinfoApp.swift */; };
		3A3F45D828EC84440026A06B /* ContentView.swift in Sources */ = {isa = PBXBuildFile; fileRef = 3A3F45D728EC84440026A06B /* ContentView.swift */; };
		3A3F45DA28EC84600026A06B /* Assets.xcassets in Resources */ = {isa = PBXBuildFile; fileRef = 3A3F45D928EC84600026A06B /* Assets.xcassets */; };
		3A3F45DD28EC84600026A06B /* Preview Assets.xcassets in Resources */ = {isa = PBXBuildFile; fileRef = 3A3F45DC28EC84600026A06B /* Preview Assets.xcassets */; };
		3A3F45E728EC84610026A06B /* gitinfoTests.swift in Sources */ = {isa = PBXBuildFile; fileRef = 3A3F45E628EC84610026A06B /* gitinfoTests.swift */; };
		3A3F45F128EC84620026A06B /* gitinfoUITests.swift in Sources */ = {isa = PBXBuildFile; fileRef = 3A3F45F028EC84620026A06B /* gitinfoUITests.swift */; };
		3A3F45F328EC84620026A06B /* gitinfoUITestsLaunchTests.swift in Sources */ = {isa = PBXBuildFile; fileRef = 3A3F45F228EC84620026A06B /* gitinfoUITestsLaunchTests.swift */; };
/* End PBXBuildFile section */

/* Begin PBXContainerItemProxy section */
		3A3F45E328EC84610026A06B /* PBXContainerItemProxy */ = {
			isa = PBXContainerItemProxy;
			containerPortal = 3A3F45CA28EC84440026A06B /* Project object */;
			proxyType = 1;
			remoteGlobalIDString = 3A3F45D128EC84440026A06B;
			remoteInfo = gitinfo;
		};
		3A3F45ED28EC84620026A06B /* PBXContainerItemProxy */ = {
			isa = PBXContainerItemProxy;
			containerPortal = 3A3F45CA28EC84440026A06B /* Project object */;
			proxyType = 1;
			remoteGlobalIDString = 3A3F45D128EC84440026A06B;
			remoteInfo = gitinfo;
		};
/* End PBXContainerItemProxy section */

/* Begin PBXFileReference section */
		3A3F45D228EC84440026A06B /* gitinfo.app */ = {isa = PBXFileReference; explicitFileType = wrapper.application; includeInIndex = 0; path = gitinfo.app; sourceTree = BUILT_PRODUCTS_DIR; };
		3A3F45D528EC84440026A06B /* gitinfoApp.swift */ = {isa = PBXFileReference; lastKnownFileType = sourcecode.swift; path = gitinfoApp.swift; sourceTree = "<group>"; };
		3A3F45D728EC84440026A06B /* ContentView.swift */ = {isa = PBXFileReference; lastKnownFileType = sourcecode.swift; path = ContentView.swift; sourceTree = "<group>"; };
		3A3F45D928EC84600026A06B /* Assets.xcassets */ = {isa = PBXFileReference; lastKnownFileType = folder.assetcatalog; path = Assets.xcassets; sourceTree = "<group>"; };
		3A3F45DC28EC84600026A06B /* Preview Assets.xcassets */ = {isa = PBXFileReference; lastKnownFileType = folder.assetcatalog; path = "Preview Assets.xcassets"; sourceTree = "<group>"; };
		3A3F45E228EC84610026A06B /* gitinfoTests.xctest */ = {isa = PBXFileReference; explicitFileType = wrapper.cfbundle; includeInIndex = 0; path = gitinfoTests.xctest; sourceTree = BUILT_PRODUCTS_DIR; };
		3A3F45E628EC84610026A06B /* gitinfoTests.swift */ = {isa = PBXFileReference; lastKnownFileType = sourcecode.swift; path = gitinfoTests.swift; sourceTree = "<group>"; };
		3A3F45EC28EC84620026A06B /* gitinfoUITests.xctest */ = {isa = PBXFileReference; explicitFileType = wrapper.cfbundle; includeInIndex = 0; path = gitinfoUITests.xctest; sourceTree = BUILT_PRODUCTS_DIR; };
		3A3F45F028EC84620026A06B /* gitinfoUITests.swift */ = {isa = PBXFileReference; lastKnownFileType = sourcecode.swift; path = gitinfoUITests.swift; sourceTree = "<group>"; };
		3A3F45F228EC84620026A06B /* gitinfoUITestsLaunchTests.swift */ = {isa = PBXFileReference; lastKnownFileType = sourcecode.swift; path = gitinfoUITestsLaunchTests.swift; sourceTree = "<group>"; };
/* End PBXFileReference section */

/* Begin PBXFrameworksBuildPhase section */
		3A3F45CF28EC84440026A06B /* Frameworks */ = {
			isa = PBXFrameworksBuildPhase;
			buildActionMask = 2147483647;
			files = (
			);
			runOnlyForDeploymentPostprocessing = 0;
		};
		3A3F45DF28EC84610026A06B /* Frameworks */ = {
			isa = PBXFrameworksBuildPhase;
			buildActionMask = 2147483647;
			files = (
			);
			runOnlyForDeploymentPostprocessing = 0;
		};
		3A3F45E928EC84620026A06B /* Frameworks */ = {
			isa = PBXFrameworksBuildPhase;
			buildActionMask = 2147483647;
			files = (
			);
			runOnlyForDeploymentPostprocessing = 0;
		};
/* End PBXFrameworksBuildPhase section */

/* Begin PBXGroup section */
		3A3F45C928EC84440026A06B = {
			isa = PBXGroup;
			children = (
				3A3F45D428EC84440026A06B /* gitinfo */,
				3A3F45E528EC84610026A06B /* gitinfoTests */,
				3A3F45EF28EC84620026A06B /* gitinfoUITests */,
				3A3F45D328EC84440026A06B /* Products */,
			);
			sourceTree = "<group>";
		};
		3A3F45D328EC84440026A06B /* Products */ = {
			isa = PBXGroup;
			children = (
				3A3F45D228EC84440026A06B /* gitinfo.app */,
				3A3F45E228EC84610026A06B /* gitinfoTests.xctest */,
				3A3F45EC28EC84620026A06B /* gitinfoUITests.xctest */,
			);
			name = Products;
			sourceTree = "<group>";
		};
		3A3F45D428EC84440026A06B /* gitinfo */ = {
			isa = PBXGroup;
			children = (
				3A3F45D528EC84440026A06B /* gitinfoApp.swift */,
				3A3F45D728EC84440026A06B /* ContentView.swift */,
				3A3F45D928EC84600026A06B /* Assets.xcassets */,
				3A3F45DB28EC84600026A06B /* Preview Content */,
			);
			path = gitinfo;
			sourceTree = "<group>";
		};
		3A3F45DB28EC84600026A06B /* Preview Content */ = {
			isa = PBXGroup;
			children = (
				3A3F45DC28EC84600026A06B /* Preview Assets.xcassets */,
			);
			path = "Preview Content";
			sourceTree = "<group>";
		};
		3A3F45E528EC84610026A06B /* gitinfoTests */ = {
			isa = PBXGroup;
			children = (
				3A3F45E628EC84610026A06B /* gitinfoTests.swift */,
			);
			path = gitinfoTests;
			sourceTree = "<group>";
		};
		3A3F45EF28EC84620026A06B /* gitinfoUITests */ = {
			isa = PBXGroup;
			children = (
				3A3F45F028EC84620026A06B /* gitinfoUITests.swift */,
				3A3F45F228EC84620026A06B /* gitinfoUITestsLaunchTests.swift */,
			);
			path = gitinfoUITests;
			sourceTree = "<group>";
		};
/* End PBXGroup section */

/* Begin PBXNativeTarget section */
		3A3F45D128EC84440026A06B /* gitinfo */ = {
			isa = PBXNativeTarget;
			buildConfigurationList = 3A3F45F628EC84620026A06B /* Build configuration list for PBXNativeTarget "gitinfo" */;
			buildPhases = (
				3A3F45CE28EC84440026A06B /* Sources */,
				3A3F45CF28EC84440026A06B /* Frameworks */,
				3A3F45D028EC84440026A06B /* Resources */,
			);
			buildRules = (
			);
			dependencies = (
			);
			name = gitinfo;
			productName = gitinfo;
			productReference = 3A3F45D228EC84440026A06B /* gitinfo.app */;
			productType = "com.apple.product-type.application";
		};
		3A3F45E128EC84610026A06B /* gitinfoTests */ = {
			isa = PBXNativeTarget;
			buildConfigurationList = 3A3F45F928EC84620026A06B /* Build configuration list for PBXNativeTarget "gitinfoTests" */;
			buildPhases = (
				3A3F45DE28EC84610026A06B /* Sources */,
				3A3F45DF28EC84610026A06B /* Frameworks */,
				3A3F45E028EC84610026A06B /* Resources */,
			);
			buildRules = (
			);
			dependencies = (
				3A3F45E428EC84610026A06B /* PBXTargetDependency */,
			);
			name = gitinfoTests;
			productName = gitinfoTests;
			productReference = 3A3F45E228EC84610026A06B /* gitinfoTests.xctest */;
			productType = "com.apple.product-type.bundle.unit-test";
		};
		3A3F45EB28EC84620026A06B /* gitinfoUITests */ = {
			isa = PBXNativeTarget;
			buildConfigurationList = 3A3F45FC28EC84620026A06B /* Build configuration list for PBXNativeTarget "gitinfoUITests" */;
			buildPhases = (
				3A3F45E828EC84620026A06B /* Sources */,
				3A3F45E928EC84620026A06B /* Frameworks */,
				3A3F45EA28EC84620026A06B /* Resources */,
			);
			buildRules = (
			);
			dependencies = (
				3A3F45EE28EC84620026A06B /* PBXTargetDependency */,
			);
			name = gitinfoUITests;
			productName = gitinfoUITests;
			productReference = 3A3F45EC28EC84620026A06B /* gitinfoUITests.xctest */;
			productType = "com.apple.product-type.bundle.ui-testing";
		};
/* End PBXNativeTarget section */

/* Begin PBXProject section */
		3A3F45CA28EC84440026A06B /* Project object */ = {
			isa = PBXProject;
			attributes = {
				BuildIndependentTargetsInParallel = 1;
				LastSwiftUpdateCheck = 1330;
				LastUpgradeCheck = 1330;
				TargetAttributes = {
					3A3F45D128EC84440026A06B = {
						CreatedOnToolsVersion = 13.3.1;
					};
					3A3F45E128EC84610026A06B = {
						CreatedOnToolsVersion = 13.3.1;
						TestTargetID = 3A3F45D128EC84440026A06B;
					};
					3A3F45EB28EC84620026A06B = {
						CreatedOnToolsVersion = 13.3.1;
						TestTargetID = 3A3F45D128EC84440026A06B;
					};
				};
			};
			buildConfigurationList = 3A3F45CD28EC84440026A06B /* Build configuration list for PBXProject "gitinfo" */;
			compatibilityVersion = "Xcode 13.0";
			developmentRegion = en;
			hasScannedForEncodings = 0;
			knownRegions = (
				en,
				Base,
			);
			mainGroup = 3A3F45C928EC84440026A06B;
			productRefGroup = 3A3F45D328EC84440026A06B /* Products */;
			projectDirPath = "";
			projectRoot = "";
			targets = (
				3A3F45D128EC84440026A06B /* gitinfo */,
				3A3F45E128EC84610026A06B /* gitinfoTests */,
				3A3F45EB28EC84620026A06B /* gitinfoUITests */,
			);
		};
/* End PBXProject section */

/* Begin PBXResourcesBuildPhase section */
		3A3F45D028EC84440026A06B /* Resources */ = {
			isa = PBXResourcesBuildPhase;
			buildActionMask = 2147483647;
			files = (
				3A3F45DD28EC84600026A06B /* Preview Assets.xcassets in Resources */,
				3A3F45DA28EC84600026A06B /* Assets.xcassets in Resources */,
			);
			runOnlyForDeploymentPostprocessing = 0;
		};
		3A3F45E028EC84610026A06B /* Resources */ = {
			isa = PBXResourcesBuildPhase;
			buildActionMask = 2147483647;
			files = (
			);
			runOnlyForDeploymentPostprocessing = 0;
		};
		3A3F45EA28EC84620026A06B /* Resources */ = {
			isa = PBXResourcesBuildPhase;
			buildActionMask = 2147483647;
			files = (
			);
			runOnlyForDeploymentPostprocessing = 0;
		};
/* End PBXResourcesBuildPhase section */

/* Begin PBXSourcesBuildPhase section */
		3A3F45CE28EC84440026A06B /* Sources */ = {
			isa = PBXSourcesBuildPhase;
			buildActionMask = 2147483647;
			files = (
				3A3F45D828EC84440026A06B /* ContentView.swift in Sources */,
				3A3F45D628EC84440026A06B /* gitinfoApp.swift in Sources */,
			);
			runOnlyForDeploymentPostprocessing = 0;
		};
		3A3F45DE28EC84610026A06B /* Sources */ = {
			isa = PBXSourcesBuildPhase;
			buildActionMask = 2147483647;
			files = (
				3A3F45E728EC84610026A06B /* gitinfoTests.swift in Sources */,
			);
			runOnlyForDeploymentPostprocessing = 0;
		};
		3A3F45E828EC84620026A06B /* Sources */ = {
			isa = PBXSourcesBuildPhase;
			buildActionMask = 2147483647;
			files = (
				3A3F45F128EC84620026A06B /* gitinfoUITests.swift in Sources */,
				3A3F45F328EC84620026A06B /* gitinfoUITestsLaunchTests.swift in Sources */,
			);
			runOnlyForDeploymentPostprocessing = 0;
		};
/* End PBXSourcesBuildPhase section */

/* Begin PBXTargetDependency section */
		3A3F45E428EC84610026A06B /* PBXTargetDependency */ = {
			isa = PBXTargetDependency;
			target = 3A3F45D128EC84440026A06B /* gitinfo */;
			targetProxy = 3A3F45E328EC84610026A06B /* PBXContainerItemProxy */;
		};
		3A3F45EE28EC84620026A06B /* PBXTargetDependency */ = {
			isa = PBXTargetDependency;
			target = 3A3F45D128EC84440026A06B /* gitinfo */;
			targetProxy = 3A3F45ED28EC84620026A06B /* PBXContainerItemProxy */;
		};
/* End PBXTargetDependency section */

/* Begin XCBuildConfiguration section */
		3A3F45F428EC84620026A06B /* Debug */ = {
			isa = XCBuildConfiguration;
			buildSettings = {
				ALWAYS_SEARCH_USER_PATHS = NO;
				CLANG_ANALYZER_NONNULL = YES;
				CLANG_ANALYZER_NUMBER_OBJECT_CONVERSION = YES_AGGRESSIVE;
				CLANG_CXX_LANGUAGE_STANDARD = "gnu++17";
				CLANG_ENABLE_MODULES = YES;
				CLANG_ENABLE_OBJC_ARC = YES;
				CLANG_ENABLE_OBJC_WEAK = YES;
				CLANG_WARN_BLOCK_CAPTURE_AUTORELEASING = YES;
				CLANG_WARN_BOOL_CONVERSION = YES;
				CLANG_WARN_COMMA = YES;
				CLANG_WARN_CONSTANT_CONVERSION = YES;
				CLANG_WARN_DEPRECATED_OBJC_IMPLEMENTATIONS = YES;
				CLANG_WARN_DIRECT_OBJC_ISA_USAGE = YES_ERROR;
				CLANG_WARN_DOCUMENTATION_COMMENTS = YES;
				CLANG_WARN_EMPTY_BODY = YES;
				CLANG_WARN_ENUM_CONVERSION = YES;
				CLANG_WARN_INFINITE_RECURSION = YES;
				CLANG_WARN_INT_CONVERSION = YES;
				CLANG_WARN_NON_LITERAL_NULL_CONVERSION = YES;
				CLANG_WARN_OBJC_IMPLICIT_RETAIN_SELF = YES;
				CLANG_WARN_OBJC_LITERAL_CONVERSION = YES;
				CLANG_WARN_OBJC_ROOT_CLASS = YES_ERROR;
				CLANG_WARN_QUOTED_INCLUDE_IN_FRAMEWORK_HEADER = YES;
				CLANG_WARN_RANGE_LOOP_ANALYSIS = YES;
				CLANG_WARN_STRICT_PROTOTYPES = YES;
				CLANG_WARN_SUSPICIOUS_MOVE = YES;
				CLANG_WARN_UNGUARDED_AVAILABILITY = YES_AGGRESSIVE;
				CLANG_WARN_UNREACHABLE_CODE = YES;
				CLANG_WARN__DUPLICATE_METHOD_MATCH = YES;
				COPY_PHASE_STRIP = NO;
				DEBUG_INFORMATION_FORMAT = dwarf;
				ENABLE_STRICT_OBJC_MSGSEND = YES;
				ENABLE_TESTABILITY = YES;
				GCC_C_LANGUAGE_STANDARD = gnu11;
				GCC_DYNAMIC_NO_PIC = NO;
				GCC_NO_COMMON_BLOCKS = YES;
				GCC_OPTIMIZATION_LEVEL = 0;
				GCC_PREPROCESSOR_DEFINITIONS = (
					"DEBUG=1",
					"$(inherited)",
				);
				GCC_WARN_64_TO_32_BIT_CONVERSION = YES;
				GCC_WARN_ABOUT_RETURN_TYPE = YES_ERROR;
				GCC_WARN_UNDECLARED_SELECTOR = YES;
				GCC_WARN_UNINITIALIZED_AUTOS = YES_AGGRESSIVE;
				GCC_WARN_UNUSED_FUNCTION = YES;
				GCC_WARN_UNUSED_VARIABLE = YES;
				IPHONEOS_DEPLOYMENT_TARGET = 15.4;
				MTL_ENABLE_DEBUG_INFO = INCLUDE_SOURCE;
				MTL_FAST_MATH = YES;
				ONLY_ACTIVE_ARCH = YES;
				SDKROOT = iphoneos;
				SWIFT_ACTIVE_COMPILATION_CONDITIONS = DEBUG;
				SWIFT_OPTIMIZATION_LEVEL = "-Onone";
			};
			name = Debug;
		};
		3A3F45F528EC84620026A06B /* Release */ = {
			isa = XCBuildConfiguration;
			buildSettings = {
				ALWAYS_SEARCH_USER_PATHS = NO;
				CLANG_ANALYZER_NONNULL = YES;
				CLANG_ANALYZER_NUMBER_OBJECT_CONVERSION = YES_AGGRESSIVE;
				CLANG_CXX_LANGUAGE_STANDARD = "gnu++17";
				CLANG_ENABLE_MODULES = YES;
				CLANG_ENABLE_OBJC_ARC = YES;
				CLANG_ENABLE_OBJC_WEAK = YES;
				CLANG_WARN_BLOCK_CAPTURE_AUTORELEASING = YES;
				CLANG_WARN_BOOL_CONVERSION = YES;
				CLANG_WARN_COMMA = YES;
				CLANG_WARN_CONSTANT_CONVERSION = YES;
				CLANG_WARN_DEPRECATED_OBJC_IMPLEMENTATIONS = YES;
				CLANG_WARN_DIRECT_OBJC_ISA_USAGE = YES_ERROR;
				CLANG_WARN_DOCUMENTATION_COMMENTS = YES;
				CLANG_WARN_EMPTY_BODY = YES;
				CLANG_WARN_ENUM_CONVERSION = YES;
				CLANG_WARN_INFINITE_RECURSION = YES;
				CLANG_WARN_INT_CONVERSION = YES;
				CLANG_WARN_NON_LITERAL_NULL_CONVERSION = YES;
				CLANG_WARN_OBJC_IMPLICIT_RETAIN_SELF = YES;
				CLANG_WARN_OBJC_LITERAL_CONVERSION = YES;
				CLANG_WARN_OBJC_ROOT_CLASS = YES_ERROR;
				CLANG_WARN_QUOTED_INCLUDE_IN_FRAMEWORK_HEADER = YES;
				CLANG_WARN_RANGE_LOOP_ANALYSIS = YES;
				CLANG_WARN_STRICT_PROTOTYPES = YES;
				CLANG_WARN_SUSPICIOUS_MOVE = YES;
				CLANG_WARN_UNGUARDED_AVAILABILITY = YES_AGGRESSIVE;
				CLANG_WARN_UNREACHABLE_CODE = YES;
				CLANG_WARN__DUPLICATE_METHOD_MATCH = YES;
				COPY_PHASE_STRIP = NO;
				DEBUG_INFORMATION_FORMAT = "dwarf-with-dsym";
				ENABLE_NS_ASSERTIONS = NO;
				ENABLE_STRICT_OBJC_MSGSEND = YES;
				GCC_C_LANGUAGE_STANDARD = gnu11;
				GCC_NO_COMMON_BLOCKS = YES;
				GCC_WARN_64_TO_32_BIT_CONVERSION = YES;
				GCC_WARN_ABOUT_RETURN_TYPE = YES_ERROR;
				GCC_WARN_UNDECLARED_SELECTOR = YES;
				GCC_WARN_UNINITIALIZED_AUTOS = YES_AGGRESSIVE;
				GCC_WARN_UNUSED_FUNCTION = YES;
				GCC_WARN_UNUSED_VARIABLE = YES;
				IPHONEOS_DEPLOYMENT_TARGET = 15.4;
				MTL_ENABLE_DEBUG_INFO = NO;
				MTL_FAST_MATH = YES;
				SDKROOT = iphoneos;
				SWIFT_COMPILATION_MODE = wholemodule;
				SWIFT_OPTIMIZATION_LEVEL = "-O";
				VALIDATE_PRODUCT = YES;
			};
			name = Release;
		};
		3A3F45F728EC84620026A06B /* Debug */ = {
			isa = XCBuildConfiguration;
			buildSettings = {
				ASSETCATALOG_COMPILER_APPICON_NAME = AppIcon;
				ASSETCATALOG_COMPILER_GLOBAL_ACCENT_COLOR_NAME = AccentColor;
				CODE_SIGN_STYLE = Automatic;
				CURRENT_PROJECT_VERSION = 1;
				DEVELOPMENT_ASSET_PATHS = "\"gitinfo/Preview Content\"";
				DEVELOPMENT_TEAM = 8XMBZV3B7L;
				ENABLE_PREVIEWS = YES;
				GENERATE_INFOPLIST_FILE = YES;
				INFOPLIST_KEY_UIApplicationSceneManifest_Generation = YES;
				INFOPLIST_KEY_UIApplicationSupportsIndirectInputEvents = YES;
				INFOPLIST_KEY_UILaunchScreen_Generation = YES;
				INFOPLIST_KEY_UISupportedInterfaceOrientations_iPad = "UIInterfaceOrientationPortrait UIInterfaceOrientationPortraitUpsideDown UIInterfaceOrientationLandscapeLeft UIInterfaceOrientationLandscapeRight";
				INFOPLIST_KEY_UISupportedInterfaceOrientations_iPhone = "UIInterfaceOrientationPortrait UIInterfaceOrientationLandscapeLeft UIInterfaceOrientationLandscapeRight";
				LD_RUNPATH_SEARCH_PATHS = (
					"$(inherited)",
					"@executable_path/Frameworks",
				);
				MARKETING_VERSION = 1.0;
				PRODUCT_BUNDLE_IDENTIFIER = ru.kan.gitinfo;
				PRODUCT_NAME = "$(TARGET_NAME)";
				SWIFT_EMIT_LOC_STRINGS = YES;
				SWIFT_VERSION = 5.0;
				TARGETED_DEVICE_FAMILY = "1,2";
			};
			name = Debug;
		};
		3A3F45F828EC84620026A06B /* Release */ = {
			isa = XCBuildConfiguration;
			buildSettings = {
				ASSETCATALOG_COMPILER_APPICON_NAME = AppIcon;
				ASSETCATALOG_COMPILER_GLOBAL_ACCENT_COLOR_NAME = AccentColor;
				CODE_SIGN_STYLE = Automatic;
				CURRENT_PROJECT_VERSION = 1;
				DEVELOPMENT_ASSET_PATHS = "\"gitinfo/Preview Content\"";
				DEVELOPMENT_TEAM = 8XMBZV3B7L;
				ENABLE_PREVIEWS = YES;
				GENERATE_INFOPLIST_FILE = YES;
				INFOPLIST_KEY_UIApplicationSceneManifest_Generation = YES;
				INFOPLIST_KEY_UIApplicationSupportsIndirectInputEvents = YES;
				INFOPLIST_KEY_UILaunchScreen_Generation = YES;
				INFOPLIST_KEY_UISupportedInterfaceOrientations_iPad = "UIInterfaceOrientationPortrait UIInterfaceOrientationPortraitUpsideDown UIInterfaceOrientationLandscapeLeft UIInterfaceOrientationLandscapeRight";
				INFOPLIST_KEY_UISupportedInterfaceOrientations_iPhone = "UIInterfaceOrientationPortrait UIInterfaceOrientationLandscapeLeft UIInterfaceOrientationLandscapeRight";
				LD_RUNPATH_SEARCH_PATHS = (
					"$(inherited)",
					"@executable_path/Frameworks",
				);
				MARKETING_VERSION = 1.0;
				PRODUCT_BUNDLE_IDENTIFIER = ru.kan.gitinfo;
				PRODUCT_NAME = "$(TARGET_NAME)";
				SWIFT_EMIT_LOC_STRINGS = YES;
				SWIFT_VERSION = 5.0;
				TARGETED_DEVICE_FAMILY = "1,2";
			};
			name = Release;
		};
		3A3F45FA28EC84620026A06B /* Debug */ = {
			isa = XCBuildConfiguration;
			buildSettings = {
				ALWAYS_EMBED_SWIFT_STANDARD_LIBRARIES = YES;
				BUNDLE_LOADER = "$(TEST_HOST)";
				CODE_SIGN_STYLE = Automatic;
				CURRENT_PROJECT_VERSION = 1;
				DEVELOPMENT_TEAM = 8XMBZV3B7L;
				GENERATE_INFOPLIST_FILE = YES;
				IPHONEOS_DEPLOYMENT_TARGET = 15.4;
				MARKETING_VERSION = 1.0;
				PRODUCT_BUNDLE_IDENTIFIER = ru.kan.gitinfoTests;
				PRODUCT_NAME = "$(TARGET_NAME)";
				SWIFT_EMIT_LOC_STRINGS = NO;
				SWIFT_VERSION = 5.0;
				TARGETED_DEVICE_FAMILY = "1,2";
				TEST_HOST = "$(BUILT_PRODUCTS_DIR)/gitinfo.app/gitinfo";
			};
			name = Debug;
		};
		3A3F45FB28EC84620026A06B /* Release */ = {
			isa = XCBuildConfiguration;
			buildSettings = {
				ALWAYS_EMBED_SWIFT_STANDARD_LIBRARIES = YES;
				BUNDLE_LOADER = "$(TEST_HOST)";
				CODE_SIGN_STYLE = Automatic;
				CURRENT_PROJECT_VERSION = 1;
				DEVELOPMENT_TEAM = 8XMBZV3B7L;
				GENERATE_INFOPLIST_FILE = YES;
				IPHONEOS_DEPLOYMENT_TARGET = 15.4;
				MARKETING_VERSION = 1.0;
				PRODUCT_BUNDLE_IDENTIFIER = ru.kan.gitinfoTests;
				PRODUCT_NAME = "$(TARGET_NAME)";
				SWIFT_EMIT_LOC_STRINGS = NO;
				SWIFT_VERSION = 5.0;
				TARGETED_DEVICE_FAMILY = "1,2";
				TEST_HOST = "$(BUILT_PRODUCTS_DIR)/gitinfo.app/gitinfo";
			};
			name = Release;
		};
		3A3F45FD28EC84620026A06B /* Debug */ = {
			isa = XCBuildConfiguration;
			buildSettings = {
				ALWAYS_EMBED_SWIFT_STANDARD_LIBRARIES = YES;
				CODE_SIGN_STYLE = Automatic;
				CURRENT_PROJECT_VERSION = 1;
				DEVELOPMENT_TEAM = 8XMBZV3B7L;
				GENERATE_INFOPLIST_FILE = YES;
				MARKETING_VERSION = 1.0;
				PRODUCT_BUNDLE_IDENTIFIER = ru.kan.gitinfoUITests;
				PRODUCT_NAME = "$(TARGET_NAME)";
				SWIFT_EMIT_LOC_STRINGS = NO;
				SWIFT_VERSION = 5.0;
				TARGETED_DEVICE_FAMILY = "1,2";
				TEST_TARGET_NAME = gitinfo;
			};
			name = Debug;
		};
		3A3F45FE28EC84620026A06B /* Release */ = {
			isa = XCBuildConfiguration;
			buildSettings = {
				ALWAYS_EMBED_SWIFT_STANDARD_LIBRARIES = YES;
				CODE_SIGN_STYLE = Automatic;
				CURRENT_PROJECT_VERSION = 1;
				DEVELOPMENT_TEAM = 8XMBZV3B7L;
				GENERATE_INFOPLIST_FILE = YES;
				MARKETING_VERSION = 1.0;
				PRODUCT_BUNDLE_IDENTIFIER = ru.kan.gitinfoUITests;
				PRODUCT_NAME = "$(TARGET_NAME)";
				SWIFT_EMIT_LOC_STRINGS = NO;
				SWIFT_VERSION = 5.0;
				TARGETED_DEVICE_FAMILY = "1,2";
				TEST_TARGET_NAME = gitinfo;
			};
			name = Release;
		};
/* End XCBuildConfiguration section */

/* Begin XCConfigurationList section */
		3A3F45CD28EC84440026A06B /* Build configuration list for PBXProject "gitinfo" */ = {
			isa = XCConfigurationList;
			buildConfigurations = (
				3A3F45F428EC84620026A06B /* Debug */,
				3A3F45F528EC84620026A06B /* Release */,
			);
			defaultConfigurationIsVisible = 0;
			defaultConfigurationName = Release;
		};
		3A3F45F628EC84620026A06B /* Build configuration list for PBXNativeTarget "gitinfo" */ = {
			isa = XCConfigurationList;
			buildConfigurations = (
				3A3F45F728EC84620026A06B /* Debug */,
				3A3F45F828EC84620026A06B /* Release */,
			);
			defaultConfigurationIsVisible = 0;
			defaultConfigurationName = Release;
		};
		3A3F45F928EC84620026A06B /* Build configuration list for PBXNativeTarget "gitinfoTests" */ = {
			isa = XCConfigurationList;
			buildConfigurations = (
				3A3F45FA28EC84620026A06B /* Debug */,
				3A3F45FB28EC84620026A06B /* Release */,
			);
			defaultConfigurationIsVisible = 0;
			defaultConfigurationName = Release;
		};
		3A3F45FC28EC84620026A06B /* Build configuration list for PBXNativeTarget "gitinfoUITests" */ = {
			isa = XCConfigurationList;
			buildConfigurations = (
				3A3F45FD28EC84620026A06B /* Debug */,
				3A3F45FE28EC84620026A06B /* Release */,
			);
			defaultConfigurationIsVisible = 0;
			defaultConfigurationName = Release;
		};
/* End XCConfigurationList section */
	};
	rootObject = 3A3F45CA28EC84440026A06B /* Project object */;
}
